Microsoft Visual Studio Solution File, Format Version 12.00
# Visual Studio Version 17
VisualStudioVersion = 17.13.35931.197
MinimumVisualStudioVersion = 10.0.40219.1
Project("{FAE04EC0-301F-11D3-BF4B-00C04F79EFBC}") = "MySportsPlaylist.API", "WebApplication1\MySportsPlaylist.API.csproj", "{62BA9C3A-BD2B-4462-B286-F7858CCA95F2}"
EndProject
Project("{FAE04EC0-301F-11D3-BF4B-00C04F79EFBC}") = "MySportsPlaylist.Application", "MySportsPlaylist.Application\MySportsPlaylist.Application.csproj", "{24A3619A-7E1A-4993-A04C-7ADAA9B67B81}"
EndProject
Project("{FAE04EC0-301F-11D3-BF4B-00C04F79EFBC}") = "MySportsPlaylist.Domain", "MySportsPlaylist.Domain\MySportsPlaylist.Domain.csproj", "{EA10F282-4660-489D-A596-BB0710F6D10B}"
EndProject
Project("{FAE04EC0-301F-11D3-BF4B-00C04F79EFBC}") = "MySportsPlaylist.Infrastructure", "MySportsPlaylist.Infrastructure\MySportsPlaylist.Infrastructure.csproj", "{765E4A24-DF15-4D2B-B886-A80F4BDBB7FE}"
EndProject
Global
	GlobalSection(SolutionConfigurationPlatforms) = preSolution
		Debug|Any CPU = Debug|Any CPU
		Release|Any CPU = Release|Any CPU
	EndGlobalSection
	GlobalSection(ProjectConfigurationPlatforms) = postSolution
		{62BA9C3A-BD2B-4462-B286-F7858CCA95F2}.Debug|Any CPU.ActiveCfg = Debug|Any CPU
		{62BA9C3A-BD2B-4462-B286-F7858CCA95F2}.Debug|Any CPU.Build.0 = Debug|Any CPU
		{62BA9C3A-BD2B-4462-B286-F7858CCA95F2}.Release|Any CPU.ActiveCfg = Release|Any CPU
		{62BA9C3A-BD2B-4462-B286-F7858CCA95F2}.Release|Any CPU.Build.0 = Release|Any CPU
		{24A3619A-7E1A-4993-A04C-7ADAA9B67B81}.Debug|Any CPU.ActiveCfg = Debug|Any CPU
		{24A3619A-7E1A-4993-A04C-7ADAA9B67B81}.Debug|Any CPU.Build.0 = Debug|Any CPU
		{24A3619A-7E1A-4993-A04C-7ADAA9B67B81}.Release|Any CPU.ActiveCfg = Release|Any CPU
		{24A3619A-7E1A-4993-A04C-7ADAA9B67B81}.Release|Any CPU.Build.0 = Release|Any CPU
		{EA10F282-4660-489D-A596-BB0710F6D10B}.Debug|Any CPU.ActiveCfg = Debug|Any CPU
		{EA10F282-4660-489D-A596-BB0710F6D10B}.Debug|Any CPU.Build.0 = Debug|Any CPU
		{EA10F282-4660-489D-A596-BB0710F6D10B}.Release|Any CPU.ActiveCfg = Release|Any CPU
		{EA10F282-4660-489D-A596-BB0710F6D10B}.Release|Any CPU.Build.0 = Release|Any CPU
		{765E4A24-DF15-4D2B-B886-A80F4BDBB7FE}.Debug|Any CPU.ActiveCfg = Debug|Any CPU
		{765E4A24-DF15-4D2B-B886-A80F4BDBB7FE}.Debug|Any CPU.Build.0 = Debug|Any CPU
		{765E4A24-DF15-4D2B-B886-A80F4BDBB7FE}.Release|Any CPU.ActiveCfg = Release|Any CPU
		{765E4A24-DF15-4D2B-B886-A80F4BDBB7FE}.Release|Any CPU.Build.0 = Release|Any CPU
	EndGlobalSection
	GlobalSection(SolutionProperties) = preSolution
		HideSolutionNode = FALSE
	EndGlobalSection
	GlobalSection(ExtensibilityGlobals) = postSolution
		SolutionGuid = {A7559741-614D-47E8-81E5-CEBA9E590067}
	EndGlobalSection
EndGlobal
